# THIS IS AN AUTOGENERATED FILE. DO NOT EDIT THIS FILE DIRECTLY.
# yarn lockfile v1


"@googlemaps/markerclustererplus@^1.0.3":
  version "1.0.3"
  resolved "https://registry.yarnpkg.com/@googlemaps/markerclustererplus/-/markerclustererplus-1.0.3.tgz#a773cd69c8d73c9f6aa3864dcdc224a47e76bcb3"
  integrity sha512-k2TIVZptaigMtgOEb7SY1DlKHgdiHC9n4Dym5/uRWWouyZNup+DvUqEt//ZZPPeFhNp6JOmAOfgMvjpESfwerw==

axios@^0.21.0:
  version "0.21.0"
  resolved "https://registry.yarnpkg.com/axios/-/axios-0.21.0.tgz#26df088803a2350dff2c27f96fef99fe49442aca"
  integrity sha512-fmkJBknJKoZwem3/IKSSLpkdNXZeBu5Q7GA/aRsr2btgrptmSCxi2oFjZHqGdK9DoTil9PIHlPIZw2EcRJXRvw==
  dependencies:
    follow-redirects "^1.10.0"

follow-redirects@^1.10.0:
  version "1.13.0"
  resolved "https://registry.yarnpkg.com/follow-redirects/-/follow-redirects-1.13.0.tgz#b42e8d93a2a7eea5ed88633676d6597bc8e384db"
  integrity sha512-aq6gF1BEKje4a9i9+5jimNFIpq4Q1WiwBToeRK5NvZBd/TRsmW8BsJfOEGkr76TbOyPVD3OVDN910EcUNtRYEA==
